// !$*UTF8*$!
{
	archiveVersion = 1;
	classes = {
	};
	objectVersion = 56;
	objects = {

/* Begin PBXBuildFile section */
		6B4D4B8429909A1C00ADF9AB /* GuestListApp.swift in Sources */ = {isa = PBXBuildFile; fileRef = 6B4D4B8329909A1C00ADF9AB /* GuestListApp.swift */; };
		6B4D4B8629909A1C00ADF9AB /* ContentView.swift in Sources */ = {isa = PBXBuildFile; fileRef = 6B4D4B8529909A1C00ADF9AB /* ContentView.swift */; };
		6B4D4B8829909A2300ADF9AB /* Assets.xcassets in Resources */ = {isa = PBXBuildFile; fileRef = 6B4D4B8729909A2300ADF9AB /* Assets.xcassets */; };
		6B4D4B8B29909A2300ADF9AB /* Preview Assets.xcassets in Resources */ = {isa = PBXBuildFile; fileRef = 6B4D4B8A29909A2300ADF9AB /* Preview Assets.xcassets */; };
		6B4D4B9529909A2300ADF9AB /* GuestListTests.swift in Sources */ = {isa = PBXBuildFile; fileRef = 6B4D4B9429909A2300ADF9AB /* GuestListTests.swift */; };
		6B4D4B9F29909A2300ADF9AB /* GuestListUITests.swift in Sources */ = {isa = PBXBuildFile; fileRef = 6B4D4B9E29909A2300ADF9AB /* GuestListUITests.swift */; };
		6B4D4BA129909A2300ADF9AB /* GuestListUITestsLaunchTests.swift in Sources */ = {isa = PBXBuildFile; fileRef = 6B4D4BA029909A2300ADF9AB /* GuestListUITestsLaunchTests.swift */; };
/* End PBXBuildFile section */

/* Begin PBXContainerItemProxy section */
		6B4D4B9129909A2300ADF9AB /* PBXContainerItemProxy */ = {
			isa = PBXContainerItemProxy;
			containerPortal = 6B4D4B7829909A1C00ADF9AB /* Project object */;
			proxyType = 1;
			remoteGlobalIDString = 6B4D4B7F29909A1C00ADF9AB;
			remoteInfo = GuestList;
		};
		6B4D4B9B29909A2300ADF9AB /* PBXContainerItemProxy */ = {
			isa = PBXContainerItemProxy;
			containerPortal = 6B4D4B7829909A1C00ADF9AB /* Project object */;
			proxyType = 1;
			remoteGlobalIDString = 6B4D4B7F29909A1C00ADF9AB;
			remoteInfo = GuestList;
		};
/* End PBXContainerItemProxy section */

/* Begin PBXFileReference section */
		6B4D4B8029909A1C00ADF9AB /* GuestList.app */ = {isa = PBXFileReference; explicitFileType = wrapper.application; includeInIndex = 0; path = GuestList.app; sourceTree = BUILT_PRODUCTS_DIR; };
		6B4D4B8329909A1C00ADF9AB /* GuestListApp.swift */ = {isa = PBXFileReference; lastKnownFileType = sourcecode.swift; path = GuestListApp.swift; sourceTree = "<group>"; };
		6B4D4B8529909A1C00ADF9AB /* ContentView.swift */ = {isa = PBXFileReference; lastKnownFileType = sourcecode.swift; path = ContentView.swift; sourceTree = "<group>"; };
		6B4D4B8729909A2300ADF9AB /* Assets.xcassets */ = {isa = PBXFileReference; lastKnownFileType = folder.assetcatalog; path = Assets.xcassets; sourceTree = "<group>"; };
		6B4D4B8A29909A2300ADF9AB /* Preview Assets.xcassets */ = {isa = PBXFileReference; lastKnownFileType = folder.assetcatalog; path = "Preview Assets.xcassets"; sourceTree = "<group>"; };
		6B4D4B9029909A2300ADF9AB /* GuestListTests.xctest */ = {isa = PBXFileReference; explicitFileType = wrapper.cfbundle; includeInIndex = 0; path = GuestListTests.xctest; sourceTree = BUILT_PRODUCTS_DIR; };
		6B4D4B9429909A2300ADF9AB /* GuestListTests.swift */ = {isa = PBXFileReference; lastKnownFileType = sourcecode.swift; path = GuestListTests.swift; sourceTree = "<group>"; };
		6B4D4B9A29909A2300ADF9AB /* GuestListUITests.xctest */ = {isa = PBXFileReference; explicitFileType = wrapper.cfbundle; includeInIndex = 0; path = GuestListUITests.xctest; sourceTree = BUILT_PRODUCTS_DIR; };
		6B4D4B9E29909A2300ADF9AB /* GuestListUITests.swift */ = {isa = PBXFileReference; lastKnownFileType = sourcecode.swift; path = GuestListUITests.swift; sourceTree = "<group>"; };
		6B4D4BA029909A2300ADF9AB /* GuestListUITestsLaunchTests.swift */ = {isa = PBXFileReference; lastKnownFileType = sourcecode.swift; path = GuestListUITestsLaunchTests.swift; sourceTree = "<group>"; };
/* End PBXFileReference section */

/* Begin PBXFrameworksBuildPhase section */
		6B4D4B7D29909A1C00ADF9AB /* Frameworks */ = {
			isa = PBXFrameworksBuildPhase;
			buildActionMask = 2147483647;
			files = (
			);
			runOnlyForDeploymentPostprocessing = 0;
		};
		6B4D4B8D29909A2300ADF9AB /* Frameworks */ = {
			isa = PBXFrameworksBuildPhase;
			buildActionMask = 2147483647;
			files = (
			);
			runOnlyForDeploymentPostprocessing = 0;
		};
		6B4D4B9729909A2300ADF9AB /* Frameworks */ = {
			isa = PBXFrameworksBuildPhase;
			buildActionMask = 2147483647;
			files = (
			);
			runOnlyForDeploymentPostprocessing = 0;
		};
/* End PBXFrameworksBuildPhase section */

/* Begin PBXGroup section */
		6B4D4B7729909A1C00ADF9AB = {
			isa = PBXGroup;
			children = (
				6B4D4B8229909A1C00ADF9AB /* GuestList */,
				6B4D4B9329909A2300ADF9AB /* GuestListTests */,
				6B4D4B9D29909A2300ADF9AB /* GuestListUITests */,
				6B4D4B8129909A1C00ADF9AB /* Products */,
			);
			sourceTree = "<group>";
		};
		6B4D4B8129909A1C00ADF9AB /* Products */ = {
			isa = PBXGroup;
			children = (
				6B4D4B8029909A1C00ADF9AB /* GuestList.app */,
				6B4D4B9029909A2300ADF9AB /* GuestListTests.xctest */,
				6B4D4B9A29909A2300ADF9AB /* GuestListUITests.xctest */,
			);
			name = Products;
			sourceTree = "<group>";
		};
		6B4D4B8229909A1C00ADF9AB /* GuestList */ = {
			isa = PBXGroup;
			children = (
				6B4D4B8329909A1C00ADF9AB /* GuestListApp.swift */,
				6B4D4B8529909A1C00ADF9AB /* ContentView.swift */,
				6B4D4B8729909A2300ADF9AB /* Assets.xcassets */,
				6B4D4B8929909A2300ADF9AB /* Preview Content */,
			);
			path = GuestList;
			sourceTree = "<group>";
		};
		6B4D4B8929909A2300ADF9AB /* Preview Content */ = {
			isa = PBXGroup;
			children = (
				6B4D4B8A29909A2300ADF9AB /* Preview Assets.xcassets */,
			);
			path = "Preview Content";
			sourceTree = "<group>";
		};
		6B4D4B9329909A2300ADF9AB /* GuestListTests */ = {
			isa = PBXGroup;
			children = (
				6B4D4B9429909A2300ADF9AB /* GuestListTests.swift */,
			);
			path = GuestListTests;
			sourceTree = "<group>";
		};
		6B4D4B9D29909A2300ADF9AB /* GuestListUITests */ = {
			isa = PBXGroup;
			children = (
				6B4D4B9E29909A2300ADF9AB /* GuestListUITests.swift */,
				6B4D4BA029909A2300ADF9AB /* GuestListUITestsLaunchTests.swift */,
			);
			path = GuestListUITests;
			sourceTree = "<group>";
		};
/* End PBXGroup section */

/* Begin PBXNativeTarget section */
		6B4D4B7F29909A1C00ADF9AB /* GuestList */ = {
			isa = PBXNativeTarget;
			buildConfigurationList = 6B4D4BA429909A2300ADF9AB /* Build configuration list for PBXNativeTarget "GuestList" */;
			buildPhases = (
				6B4D4B7C29909A1C00ADF9AB /* Sources */,
				6B4D4B7D29909A1C00ADF9AB /* Frameworks */,
				6B4D4B7E29909A1C00ADF9AB /* Resources */,
			);
			buildRules = (
			);
			dependencies = (
			);
			name = GuestList;
			productName = GuestList;
			productReference = 6B4D4B8029909A1C00ADF9AB /* GuestList.app */;
			productType = "com.apple.product-type.application";
		};
		6B4D4B8F29909A2300ADF9AB /* GuestListTests */ = {
			isa = PBXNativeTarget;
			buildConfigurationList = 6B4D4BA729909A2300ADF9AB /* Build configuration list for PBXNativeTarget "GuestListTests" */;
			buildPhases = (
				6B4D4B8C29909A2300ADF9AB /* Sources */,
				6B4D4B8D29909A2300ADF9AB /* Frameworks */,
				6B4D4B8E29909A2300ADF9AB /* Resources */,
			);
			buildRules = (
			);
			dependencies = (
				6B4D4B9229909A2300ADF9AB /* PBXTargetDependency */,
			);
			name = GuestListTests;
			productName = GuestListTests;
			productReference = 6B4D4B9029909A2300ADF9AB /* GuestListTests.xctest */;
			productType = "com.apple.product-type.bundle.unit-test";
		};
		6B4D4B9929909A2300ADF9AB /* GuestListUITests */ = {
			isa = PBXNativeTarget;
			buildConfigurationList = 6B4D4BAA29909A2300ADF9AB /* Build configuration list for PBXNativeTarget "GuestListUITests" */;
			buildPhases = (
				6B4D4B9629909A2300ADF9AB /* Sources */,
				6B4D4B9729909A2300ADF9AB /* Frameworks */,
				6B4D4B9829909A2300ADF9AB /* Resources */,
			);
			buildRules = (
			);
			dependencies = (
				6B4D4B9C29909A2300ADF9AB /* PBXTargetDependency */,
			);
			name = GuestListUITests;
			productName = GuestListUITests;
			productReference = 6B4D4B9A29909A2300ADF9AB /* GuestListUITests.xctest */;
			productType = "com.apple.product-type.bundle.ui-testing";
		};
/* End PBXNativeTarget section */

/* Begin PBXProject section */
		6B4D4B7829909A1C00ADF9AB /* Project object */ = {
			isa = PBXProject;
			attributes = {
				BuildIndependentTargetsInParallel = 1;
				LastSwiftUpdateCheck = 1420;
				LastUpgradeCheck = 1420;
				TargetAttributes = {
					6B4D4B7F29909A1C00ADF9AB = {
						CreatedOnToolsVersion = 14.2;
					};
					6B4D4B8F29909A2300ADF9AB = {
						CreatedOnToolsVersion = 14.2;
						TestTargetID = 6B4D4B7F29909A1C00ADF9AB;
					};
					6B4D4B9929909A2300ADF9AB = {
						CreatedOnToolsVersion = 14.2;
						TestTargetID = 6B4D4B7F29909A1C00ADF9AB;
					};
				};
			};
			buildConfigurationList = 6B4D4B7B29909A1C00ADF9AB /* Build configuration list for PBXProject "GuestList" */;
			compatibilityVersion = "Xcode 14.0";
			developmentRegion = en;
			hasScannedForEncodings = 0;
			knownRegions = (
				en,
				Base,
			);
			mainGroup = 6B4D4B7729909A1C00ADF9AB;
			productRefGroup = 6B4D4B8129909A1C00ADF9AB /* Products */;
			projectDirPath = "";
			projectRoot = "";
			targets = (
				6B4D4B7F29909A1C00ADF9AB /* GuestList */,
				6B4D4B8F29909A2300ADF9AB /* GuestListTests */,
				6B4D4B9929909A2300ADF9AB /* GuestListUITests */,
			);
		};
/* End PBXProject section */

/* Begin PBXResourcesBuildPhase section */
		6B4D4B7E29909A1C00ADF9AB /* Resources */ = {
			isa = PBXResourcesBuildPhase;
			buildActionMask = 2147483647;
			files = (
				6B4D4B8B29909A2300ADF9AB /* Preview Assets.xcassets in Resources */,
				6B4D4B8829909A2300ADF9AB /* Assets.xcassets in Resources */,
			);
			runOnlyForDeploymentPostprocessing = 0;
		};
		6B4D4B8E29909A2300ADF9AB /* Resources */ = {
			isa = PBXResourcesBuildPhase;
			buildActionMask = 2147483647;
			files = (
			);
			runOnlyForDeploymentPostprocessing = 0;
		};
		6B4D4B9829909A2300ADF9AB /* Resources */ = {
			isa = PBXResourcesBuildPhase;
			buildActionMask = 2147483647;
			files = (
			);
			runOnlyForDeploymentPostprocessing = 0;
		};
/* End PBXResourcesBuildPhase section */

/* Begin PBXSourcesBuildPhase section */
		6B4D4B7C29909A1C00ADF9AB /* Sources */ = {
			isa = PBXSourcesBuildPhase;
			buildActionMask = 2147483647;
			files = (
				6B4D4B8629909A1C00ADF9AB /* ContentView.swift in Sources */,
				6B4D4B8429909A1C00ADF9AB /* GuestListApp.swift in Sources */,
			);
			runOnlyForDeploymentPostprocessing = 0;
		};
		6B4D4B8C29909A2300ADF9AB /* Sources */ = {
			isa = PBXSourcesBuildPhase;
			buildActionMask = 2147483647;
			files = (
				6B4D4B9529909A2300ADF9AB /* GuestListTests.swift in Sources */,
			);
			runOnlyForDeploymentPostprocessing = 0;
		};
		6B4D4B9629909A2300ADF9AB /* Sources */ = {
			isa = PBXSourcesBuildPhase;
			buildActionMask = 2147483647;
			files = (
				6B4D4B9F29909A2300ADF9AB /* GuestListUITests.swift in Sources */,
				6B4D4BA129909A2300ADF9AB /* GuestListUITestsLaunchTests.swift in Sources */,
			);
			runOnlyForDeploymentPostprocessing = 0;
		};
/* End PBXSourcesBuildPhase section */

/* Begin PBXTargetDependency section */
		6B4D4B9229909A2300ADF9AB /* PBXTargetDependency */ = {
			isa = PBXTargetDependency;
			target = 6B4D4B7F29909A1C00ADF9AB /* GuestList */;
			targetProxy = 6B4D4B9129909A2300ADF9AB /* PBXContainerItemProxy */;
		};
		6B4D4B9C29909A2300ADF9AB /* PBXTargetDependency */ = {
			isa = PBXTargetDependency;
			target = 6B4D4B7F29909A1C00ADF9AB /* GuestList */;
			targetProxy = 6B4D4B9B29909A2300ADF9AB /* PBXContainerItemProxy */;
		};
/* End PBXTargetDependency section */

/* Begin XCBuildConfiguration section */
		6B4D4BA229909A2300ADF9AB /* Debug */ = {
			isa = XCBuildConfiguration;
			buildSettings = {
				ALWAYS_SEARCH_USER_PATHS = NO;
				CLANG_ANALYZER_NONNULL = YES;
				CLANG_ANALYZER_NUMBER_OBJECT_CONVERSION = YES_AGGRESSIVE;
				CLANG_CXX_LANGUAGE_STANDARD = "gnu++20";
				CLANG_ENABLE_MODULES = YES;
				CLANG_ENABLE_OBJC_ARC = YES;
				CLANG_ENABLE_OBJC_WEAK = YES;
				CLANG_WARN_BLOCK_CAPTURE_AUTORELEASING = YES;
				CLANG_WARN_BOOL_CONVERSION = YES;
				CLANG_WARN_COMMA = YES;
				CLANG_WARN_CONSTANT_CONVERSION = YES;
				CLANG_WARN_DEPRECATED_OBJC_IMPLEMENTATIONS = YES;
				CLANG_WARN_DIRECT_OBJC_ISA_USAGE = YES_ERROR;
				CLANG_WARN_DOCUMENTATION_COMMENTS = YES;
				CLANG_WARN_EMPTY_BODY = YES;
				CLANG_WARN_ENUM_CONVERSION = YES;
				CLANG_WARN_INFINITE_RECURSION = YES;
				CLANG_WARN_INT_CONVERSION = YES;
				CLANG_WARN_NON_LITERAL_NULL_CONVERSION = YES;
				CLANG_WARN_OBJC_IMPLICIT_RETAIN_SELF = YES;
				CLANG_WARN_OBJC_LITERAL_CONVERSION = YES;
				CLANG_WARN_OBJC_ROOT_CLASS = YES_ERROR;
				CLANG_WARN_QUOTED_INCLUDE_IN_FRAMEWORK_HEADER = YES;
				CLANG_WARN_RANGE_LOOP_ANALYSIS = YES;
				CLANG_WARN_STRICT_PROTOTYPES = YES;
				CLANG_WARN_SUSPICIOUS_MOVE = YES;
				CLANG_WARN_UNGUARDED_AVAILABILITY = YES_AGGRESSIVE;
				CLANG_WARN_UNREACHABLE_CODE = YES;
				CLANG_WARN__DUPLICATE_METHOD_MATCH = YES;
				COPY_PHASE_STRIP = NO;
				DEBUG_INFORMATION_FORMAT = dwarf;
				ENABLE_STRICT_OBJC_MSGSEND = YES;
				ENABLE_TESTABILITY = YES;
				GCC_C_LANGUAGE_STANDARD = gnu11;
				GCC_DYNAMIC_NO_PIC = NO;
				GCC_NO_COMMON_BLOCKS = YES;
				GCC_OPTIMIZATION_LEVEL = 0;
				GCC_PREPROCESSOR_DEFINITIONS = (
					"DEBUG=1",
					"$(inherited)",
				);
				GCC_WARN_64_TO_32_BIT_CONVERSION = YES;
				GCC_WARN_ABOUT_RETURN_TYPE = YES_ERROR;
				GCC_WARN_UNDECLARED_SELECTOR = YES;
				GCC_WARN_UNINITIALIZED_AUTOS = YES_AGGRESSIVE;
				GCC_WARN_UNUSED_FUNCTION = YES;
				GCC_WARN_UNUSED_VARIABLE = YES;
				IPHONEOS_DEPLOYMENT_TARGET = 16.2;
				MTL_ENABLE_DEBUG_INFO = INCLUDE_SOURCE;
				MTL_FAST_MATH = YES;
				ONLY_ACTIVE_ARCH = YES;
				SDKROOT = iphoneos;
				SWIFT_ACTIVE_COMPILATION_CONDITIONS = DEBUG;
				SWIFT_OPTIMIZATION_LEVEL = "-Onone";
			};
			name = Debug;
		};
		6B4D4BA329909A2300ADF9AB /* Release */ = {
			isa = XCBuildConfiguration;
			buildSettings = {
				ALWAYS_SEARCH_USER_PATHS = NO;
				CLANG_ANALYZER_NONNULL = YES;
				CLANG_ANALYZER_NUMBER_OBJECT_CONVERSION = YES_AGGRESSIVE;
				CLANG_CXX_LANGUAGE_STANDARD = "gnu++20";
				CLANG_ENABLE_MODULES = YES;
				CLANG_ENABLE_OBJC_ARC = YES;
				CLANG_ENABLE_OBJC_WEAK = YES;
				CLANG_WARN_BLOCK_CAPTURE_AUTORELEASING = YES;
				CLANG_WARN_BOOL_CONVERSION = YES;
				CLANG_WARN_COMMA = YES;
				CLANG_WARN_CONSTANT_CONVERSION = YES;
				CLANG_WARN_DEPRECATED_OBJC_IMPLEMENTATIONS = YES;
				CLANG_WARN_DIRECT_OBJC_ISA_USAGE = YES_ERROR;
				CLANG_WARN_DOCUMENTATION_COMMENTS = YES;
				CLANG_WARN_EMPTY_BODY = YES;
				CLANG_WARN_ENUM_CONVERSION = YES;
				CLANG_WARN_INFINITE_RECURSION = YES;
				CLANG_WARN_INT_CONVERSION = YES;
				CLANG_WARN_NON_LITERAL_NULL_CONVERSION = YES;
				CLANG_WARN_OBJC_IMPLICIT_RETAIN_SELF = YES;
				CLANG_WARN_OBJC_LITERAL_CONVERSION = YES;
				CLANG_WARN_OBJC_ROOT_CLASS = YES_ERROR;
				CLANG_WARN_QUOTED_INCLUDE_IN_FRAMEWORK_HEADER = YES;
				CLANG_WARN_RANGE_LOOP_ANALYSIS = YES;
				CLANG_WARN_STRICT_PROTOTYPES = YES;
				CLANG_WARN_SUSPICIOUS_MOVE = YES;
				CLANG_WARN_UNGUARDED_AVAILABILITY = YES_AGGRESSIVE;
				CLANG_WARN_UNREACHABLE_CODE = YES;
				CLANG_WARN__DUPLICATE_METHOD_MATCH = YES;
				COPY_PHASE_STRIP = NO;
				DEBUG_INFORMATION_FORMAT = "dwarf-with-dsym";
				ENABLE_NS_ASSERTIONS = NO;
				ENABLE_STRICT_OBJC_MSGSEND = YES;
				GCC_C_LANGUAGE_STANDARD = gnu11;
				GCC_NO_COMMON_BLOCKS = YES;
				GCC_WARN_64_TO_32_BIT_CONVERSION = YES;
				GCC_WARN_ABOUT_RETURN_TYPE = YES_ERROR;
				GCC_WARN_UNDECLARED_SELECTOR = YES;
				GCC_WARN_UNINITIALIZED_AUTOS = YES_AGGRESSIVE;
				GCC_WARN_UNUSED_FUNCTION = YES;
				GCC_WARN_UNUSED_VARIABLE = YES;
				IPHONEOS_DEPLOYMENT_TARGET = 16.2;
				MTL_ENABLE_DEBUG_INFO = NO;
				MTL_FAST_MATH = YES;
				SDKROOT = iphoneos;
				SWIFT_COMPILATION_MODE = wholemodule;
				SWIFT_OPTIMIZATION_LEVEL = "-O";
				VALIDATE_PRODUCT = YES;
			};
			name = Release;
		};
		6B4D4BA529909A2300ADF9AB /* Debug */ = {
			isa = XCBuildConfiguration;
			buildSettings = {
				ASSETCATALOG_COMPILER_APPICON_NAME = AppIcon;
				ASSETCATALOG_COMPILER_GLOBAL_ACCENT_COLOR_NAME = AccentColor;
				CODE_SIGN_STYLE = Automatic;
				CURRENT_PROJECT_VERSION = 1;
				DEVELOPMENT_ASSET_PATHS = "\"GuestList/Preview Content\"";
				DEVELOPMENT_TEAM = R93X959D52;
				ENABLE_PREVIEWS = YES;
				GENERATE_INFOPLIST_FILE = YES;
				INFOPLIST_KEY_UIApplicationSceneManifest_Generation = YES;
				INFOPLIST_KEY_UIApplicationSupportsIndirectInputEvents = YES;
				INFOPLIST_KEY_UILaunchScreen_Generation = YES;
				INFOPLIST_KEY_UISupportedInterfaceOrientations_iPad = "UIInterfaceOrientationPortrait UIInterfaceOrientationPortraitUpsideDown UIInterfaceOrientationLandscapeLeft UIInterfaceOrientationLandscapeRight";
				INFOPLIST_KEY_UISupportedInterfaceOrientations_iPhone = "UIInterfaceOrientationPortrait UIInterfaceOrientationLandscapeLeft UIInterfaceOrientationLandscapeRight";
				LD_RUNPATH_SEARCH_PATHS = (
					"$(inherited)",
					"@executable_path/Frameworks",
				);
				MARKETING_VERSION = 1.0;
				PRODUCT_BUNDLE_IDENTIFIER = TitoCoding.GuestList;
				PRODUCT_NAME = "$(TARGET_NAME)";
				SWIFT_EMIT_LOC_STRINGS = YES;
				SWIFT_VERSION = 5.0;
				TARGETED_DEVICE_FAMILY = "1,2";
			};
			name = Debug;
		};
		6B4D4BA629909A2300ADF9AB /* Release */ = {
			isa = XCBuildConfiguration;
			buildSettings = {
				ASSETCATALOG_COMPILER_APPICON_NAME = AppIcon;
				ASSETCATALOG_COMPILER_GLOBAL_ACCENT_COLOR_NAME = AccentColor;
				CODE_SIGN_STYLE = Automatic;
				CURRENT_PROJECT_VERSION = 1;
				DEVELOPMENT_ASSET_PATHS = "\"GuestList/Preview Content\"";
				DEVELOPMENT_TEAM = R93X959D52;
				ENABLE_PREVIEWS = YES;
				GENERATE_INFOPLIST_FILE = YES;
				INFOPLIST_KEY_UIApplicationSceneManifest_Generation = YES;
				INFOPLIST_KEY_UIApplicationSupportsIndirectInputEvents = YES;
				INFOPLIST_KEY_UILaunchScreen_Generation = YES;
				INFOPLIST_KEY_UISupportedInterfaceOrientations_iPad = "UIInterfaceOrientationPortrait UIInterfaceOrientationPortraitUpsideDown UIInterfaceOrientationLandscapeLeft UIInterfaceOrientationLandscapeRight";
				INFOPLIST_KEY_UISupportedInterfaceOrientations_iPhone = "UIInterfaceOrientationPortrait UIInterfaceOrientationLandscapeLeft UIInterfaceOrientationLandscapeRight";
				LD_RUNPATH_SEARCH_PATHS = (
					"$(inherited)",
					"@executable_path/Frameworks",
				);
				MARKETING_VERSION = 1.0;
				PRODUCT_BUNDLE_IDENTIFIER = TitoCoding.GuestList;
				PRODUCT_NAME = "$(TARGET_NAME)";
				SWIFT_EMIT_LOC_STRINGS = YES;
				SWIFT_VERSION = 5.0;
				TARGETED_DEVICE_FAMILY = "1,2";
			};
			name = Release;
		};
		6B4D4BA829909A2300ADF9AB /* Debug */ = {
			isa = XCBuildConfiguration;
			buildSettings = {
				ALWAYS_EMBED_SWIFT_STANDARD_LIBRARIES = YES;
				BUNDLE_LOADER = "$(TEST_HOST)";
				CODE_SIGN_STYLE = Automatic;
				CURRENT_PROJECT_VERSION = 1;
				DEVELOPMENT_TEAM = R93X959D52;
				GENERATE_INFOPLIST_FILE = YES;
				IPHONEOS_DEPLOYMENT_TARGET = 16.2;
				MARKETING_VERSION = 1.0;
				PRODUCT_BUNDLE_IDENTIFIER = TitoCoding.GuestListTests;
				PRODUCT_NAME = "$(TARGET_NAME)";
				SWIFT_EMIT_LOC_STRINGS = NO;
				SWIFT_VERSION = 5.0;
				TARGETED_DEVICE_FAMILY = "1,2";
				TEST_HOST = "$(BUILT_PRODUCTS_DIR)/GuestList.app/$(BUNDLE_EXECUTABLE_FOLDER_PATH)/GuestList";
			};
			name = Debug;
		};
		6B4D4BA929909A2300ADF9AB /* Release */ = {
			isa = XCBuildConfiguration;
			buildSettings = {
				ALWAYS_EMBED_SWIFT_STANDARD_LIBRARIES = YES;
				BUNDLE_LOADER = "$(TEST_HOST)";
				CODE_SIGN_STYLE = Automatic;
				CURRENT_PROJECT_VERSION = 1;
				DEVELOPMENT_TEAM = R93X959D52;
				GENERATE_INFOPLIST_FILE = YES;
				IPHONEOS_DEPLOYMENT_TARGET = 16.2;
				MARKETING_VERSION = 1.0;
				PRODUCT_BUNDLE_IDENTIFIER = TitoCoding.GuestListTests;
				PRODUCT_NAME = "$(TARGET_NAME)";
				SWIFT_EMIT_LOC_STRINGS = NO;
				SWIFT_VERSION = 5.0;
				TARGETED_DEVICE_FAMILY = "1,2";
				TEST_HOST = "$(BUILT_PRODUCTS_DIR)/GuestList.app/$(BUNDLE_EXECUTABLE_FOLDER_PATH)/GuestList";
			};
			name = Release;
		};
		6B4D4BAB29909A2300ADF9AB /* Debug */ = {
			isa = XCBuildConfiguration;
			buildSettings = {
				ALWAYS_EMBED_SWIFT_STANDARD_LIBRARIES = YES;
				CODE_SIGN_STYLE = Automatic;
				CURRENT_PROJECT_VERSION = 1;
				DEVELOPMENT_TEAM = R93X959D52;
				GENERATE_INFOPLIST_FILE = YES;
				MARKETING_VERSION = 1.0;
				PRODUCT_BUNDLE_IDENTIFIER = TitoCoding.GuestListUITests;
				PRODUCT_NAME = "$(TARGET_NAME)";
				SWIFT_EMIT_LOC_STRINGS = NO;
				SWIFT_VERSION = 5.0;
				TARGETED_DEVICE_FAMILY = "1,2";
				TEST_TARGET_NAME = GuestList;
			};
			name = Debug;
		};
		6B4D4BAC29909A2300ADF9AB /* Release */ = {
			isa = XCBuildConfiguration;
			buildSettings = {
				ALWAYS_EMBED_SWIFT_STANDARD_LIBRARIES = YES;
				CODE_SIGN_STYLE = Automatic;
				CURRENT_PROJECT_VERSION = 1;
				DEVELOPMENT_TEAM = R93X959D52;
				GENERATE_INFOPLIST_FILE = YES;
				MARKETING_VERSION = 1.0;
				PRODUCT_BUNDLE_IDENTIFIER = TitoCoding.GuestListUITests;
				PRODUCT_NAME = "$(TARGET_NAME)";
				SWIFT_EMIT_LOC_STRINGS = NO;
				SWIFT_VERSION = 5.0;
				TARGETED_DEVICE_FAMILY = "1,2";
				TEST_TARGET_NAME = GuestList;
			};
			name = Release;
		};
/* End XCBuildConfiguration section */

/* Begin XCConfigurationList section */
		6B4D4B7B29909A1C00ADF9AB /* Build configuration list for PBXProject "GuestList" */ = {
			isa = XCConfigurationList;
			buildConfigurations = (
				6B4D4BA229909A2300ADF9AB /* Debug */,
				6B4D4BA329909A2300ADF9AB /* Release */,
			);
			defaultConfigurationIsVisible = 0;
			defaultConfigurationName = Release;
		};
		6B4D4BA429909A2300ADF9AB /* Build configuration list for PBXNativeTarget "GuestList" */ = {
			isa = XCConfigurationList;
			buildConfigurations = (
				6B4D4BA529909A2300ADF9AB /* Debug */,
				6B4D4BA629909A2300ADF9AB /* Release */,
			);
			defaultConfigurationIsVisible = 0;
			defaultConfigurationName = Release;
		};
		6B4D4BA729909A2300ADF9AB /* Build configuration list for PBXNativeTarget "GuestListTests" */ = {
			isa = XCConfigurationList;
			buildConfigurations = (
				6B4D4BA829909A2300ADF9AB /* Debug */,
				6B4D4BA929909A2300ADF9AB /* Release */,
			);
			defaultConfigurationIsVisible = 0;
			defaultConfigurationName = Release;
		};
		6B4D4BAA29909A2300ADF9AB /* Build configuration list for PBXNativeTarget "GuestListUITests" */ = {
			isa = XCConfigurationList;
			buildConfigurations = (
				6B4D4BAB29909A2300ADF9AB /* Debug */,
				6B4D4BAC29909A2300ADF9AB /* Release */,
			);
			defaultConfigurationIsVisible = 0;
			defaultConfigurationName = Release;
		};
/* End XCConfigurationList section */
	};
	rootObject = 6B4D4B7829909A1C00ADF9AB /* Project object */;
}
