// !$*UTF8*$!
{
	archiveVersion = 1;
	classes = {
	};
	objectVersion = 56;
	objects = {

/* Begin PBXBuildFile section */
		6B277F6D29DD9769002FBF8F /* ShowList.swift in Sources */ = {isa = PBXBuildFile; fileRef = 6B277F6C29DD9769002FBF8F /* ShowList.swift */; };
		6B4D4B8429909A1C00ADF9AB /* GuestListApp.swift in Sources */ = {isa = PBXBuildFile; fileRef = 6B4D4B8329909A1C00ADF9AB /* GuestListApp.swift */; };
		6B4D4B8629909A1C00ADF9AB /* ContentView.swift in Sources */ = {isa = PBXBuildFile; fileRef = 6B4D4B8529909A1C00ADF9AB /* ContentView.swift */; };
		6B4D4B8829909A2300ADF9AB /* Assets.xcassets in Resources */ = {isa = PBXBuildFile; fileRef = 6B4D4B8729909A2300ADF9AB /* Assets.xcassets */; };
		6B4D4B8B29909A2300ADF9AB /* Preview Assets.xcassets in Resources */ = {isa = PBXBuildFile; fileRef = 6B4D4B8A29909A2300ADF9AB /* Preview Assets.xcassets */; };
		6B4D4B9529909A2300ADF9AB /* GuestListTests.swift in Sources */ = {isa = PBXBuildFile; fileRef = 6B4D4B9429909A2300ADF9AB /* GuestListTests.swift */; };
		6B4D4B9F29909A2300ADF9AB /* GuestListUITests.swift in Sources */ = {isa = PBXBuildFile; fileRef = 6B4D4B9E29909A2300ADF9AB /* GuestListUITests.swift */; };
		6B4D4BA129909A2300ADF9AB /* GuestListUITestsLaunchTests.swift in Sources */ = {isa = PBXBuildFile; fileRef = 6B4D4BA029909A2300ADF9AB /* GuestListUITestsLaunchTests.swift */; };
		6B80B67A29A186F70093DF76 /* SettingsConfig.swift in Sources */ = {isa = PBXBuildFile; fileRef = 6B80B67929A186F70093DF76 /* SettingsConfig.swift */; };
		6B85785429B01C28008B3A5F /* ShowGuest.swift in Sources */ = {isa = PBXBuildFile; fileRef = 6B85785329B01C28008B3A5F /* ShowGuest.swift */; };
		6B85785629B15F0A008B3A5F /* PopView.swift in Sources */ = {isa = PBXBuildFile; fileRef = 6B85785529B15F0A008B3A5F /* PopView.swift */; };
		6B8644B6299D77C900E3E7FE /* PinCodeView.swift in Sources */ = {isa = PBXBuildFile; fileRef = 6B8644B5299D77C900E3E7FE /* PinCodeView.swift */; };
		6B8644BA299DAD9000E3E7FE /* NewPass.swift in Sources */ = {isa = PBXBuildFile; fileRef = 6B8644B9299DAD9000E3E7FE /* NewPass.swift */; };
		6B8644BD299DB1F500E3E7FE /* PasscodeField in Frameworks */ = {isa = PBXBuildFile; productRef = 6B8644BC299DB1F500E3E7FE /* PasscodeField */; };
		6B8644C3299DEF4300E3E7FE /* PinDots.swift in Sources */ = {isa = PBXBuildFile; fileRef = 6B8644C2299DEF4300E3E7FE /* PinDots.swift */; };
		6B8644C5299EAA7A00E3E7FE /* TestPin.swift in Sources */ = {isa = PBXBuildFile; fileRef = 6B8644C4299EAA7A00E3E7FE /* TestPin.swift */; };
		6B8644C7299EB40000E3E7FE /* dismissAction.swift in Sources */ = {isa = PBXBuildFile; fileRef = 6B8644C6299EB40000E3E7FE /* dismissAction.swift */; };
		6B99B4462995D502001B9D70 /* Data.swift in Sources */ = {isa = PBXBuildFile; fileRef = 6B99B4452995D502001B9D70 /* Data.swift */; };
		6B99B4482995EDFC001B9D70 /* ListView.swift in Sources */ = {isa = PBXBuildFile; fileRef = 6B99B4472995EDFC001B9D70 /* ListView.swift */; };
		6B99B44A2996D5F6001B9D70 /* AddView.swift in Sources */ = {isa = PBXBuildFile; fileRef = 6B99B4492996D5F6001B9D70 /* AddView.swift */; };
		6B99B44C299817CA001B9D70 /* ButtonView.swift in Sources */ = {isa = PBXBuildFile; fileRef = 6B99B44B299817CA001B9D70 /* ButtonView.swift */; };
		6BA8AA2929A6C37C006B3523 /* MainView.swift in Sources */ = {isa = PBXBuildFile; fileRef = 6BA8AA2829A6C37C006B3523 /* MainView.swift */; };
		6BBF58E12992131800B4EB53 /* SearchView.swift in Sources */ = {isa = PBXBuildFile; fileRef = 6BBF58E02992131800B4EB53 /* SearchView.swift */; };
		6BD15F502990A53300ED1C8C /* Guest.swift in Sources */ = {isa = PBXBuildFile; fileRef = 6BD15F4F2990A53300ED1C8C /* Guest.swift */; };
		6BFDC334299C298A00152E25 /* SettingView.swift in Sources */ = {isa = PBXBuildFile; fileRef = 6BFDC333299C298A00152E25 /* SettingView.swift */; };
/* End PBXBuildFile section */

/* Begin PBXContainerItemProxy section */
		6B4D4B9129909A2300ADF9AB /* PBXContainerItemProxy */ = {
			isa = PBXContainerItemProxy;
			containerPortal = 6B4D4B7829909A1C00ADF9AB /* Project object */;
			proxyType = 1;
			remoteGlobalIDString = 6B4D4B7F29909A1C00ADF9AB;
			remoteInfo = GuestList;
		};
		6B4D4B9B29909A2300ADF9AB /* PBXContainerItemProxy */ = {
			isa = PBXContainerItemProxy;
			containerPortal = 6B4D4B7829909A1C00ADF9AB /* Project object */;
			proxyType = 1;
			remoteGlobalIDString = 6B4D4B7F29909A1C00ADF9AB;
			remoteInfo = GuestList;
		};
/* End PBXContainerItemProxy section */

/* Begin PBXFileReference section */
		6B277F6C29DD9769002FBF8F /* ShowList.swift */ = {isa = PBXFileReference; lastKnownFileType = sourcecode.swift; path = ShowList.swift; sourceTree = "<group>"; };
		6B4D4B8029909A1C00ADF9AB /* GuestList.app */ = {isa = PBXFileReference; explicitFileType = wrapper.application; includeInIndex = 0; path = GuestList.app; sourceTree = BUILT_PRODUCTS_DIR; };
		6B4D4B8329909A1C00ADF9AB /* GuestListApp.swift */ = {isa = PBXFileReference; lastKnownFileType = sourcecode.swift; path = GuestListApp.swift; sourceTree = "<group>"; };
		6B4D4B8529909A1C00ADF9AB /* ContentView.swift */ = {isa = PBXFileReference; lastKnownFileType = sourcecode.swift; path = ContentView.swift; sourceTree = "<group>"; };
		6B4D4B8729909A2300ADF9AB /* Assets.xcassets */ = {isa = PBXFileReference; lastKnownFileType = folder.assetcatalog; path = Assets.xcassets; sourceTree = "<group>"; };
		6B4D4B8A29909A2300ADF9AB /* Preview Assets.xcassets */ = {isa = PBXFileReference; lastKnownFileType = folder.assetcatalog; path = "Preview Assets.xcassets"; sourceTree = "<group>"; };
		6B4D4B9029909A2300ADF9AB /* GuestListTests.xctest */ = {isa = PBXFileReference; explicitFileType = wrapper.cfbundle; includeInIndex = 0; path = GuestListTests.xctest; sourceTree = BUILT_PRODUCTS_DIR; };
		6B4D4B9429909A2300ADF9AB /* GuestListTests.swift */ = {isa = PBXFileReference; lastKnownFileType = sourcecode.swift; path = GuestListTests.swift; sourceTree = "<group>"; };
		6B4D4B9A29909A2300ADF9AB /* GuestListUITests.xctest */ = {isa = PBXFileReference; explicitFileType = wrapper.cfbundle; includeInIndex = 0; path = GuestListUITests.xctest; sourceTree = BUILT_PRODUCTS_DIR; };
		6B4D4B9E29909A2300ADF9AB /* GuestListUITests.swift */ = {isa = PBXFileReference; lastKnownFileType = sourcecode.swift; path = GuestListUITests.swift; sourceTree = "<group>"; };
		6B4D4BA029909A2300ADF9AB /* GuestListUITestsLaunchTests.swift */ = {isa = PBXFileReference; lastKnownFileType = sourcecode.swift; path = GuestListUITestsLaunchTests.swift; sourceTree = "<group>"; };
		6B80B67929A186F70093DF76 /* SettingsConfig.swift */ = {isa = PBXFileReference; lastKnownFileType = sourcecode.swift; path = SettingsConfig.swift; sourceTree = "<group>"; };
		6B85785329B01C28008B3A5F /* ShowGuest.swift */ = {isa = PBXFileReference; lastKnownFileType = sourcecode.swift; path = ShowGuest.swift; sourceTree = "<group>"; };
		6B85785529B15F0A008B3A5F /* PopView.swift */ = {isa = PBXFileReference; lastKnownFileType = sourcecode.swift; path = PopView.swift; sourceTree = "<group>"; };
		6B8644B5299D77C900E3E7FE /* PinCodeView.swift */ = {isa = PBXFileReference; lastKnownFileType = sourcecode.swift; path = PinCodeView.swift; sourceTree = "<group>"; };
		6B8644B9299DAD9000E3E7FE /* NewPass.swift */ = {isa = PBXFileReference; lastKnownFileType = sourcecode.swift; path = NewPass.swift; sourceTree = "<group>"; };
		6B8644C2299DEF4300E3E7FE /* PinDots.swift */ = {isa = PBXFileReference; lastKnownFileType = sourcecode.swift; path = PinDots.swift; sourceTree = "<group>"; };
		6B8644C4299EAA7A00E3E7FE /* TestPin.swift */ = {isa = PBXFileReference; lastKnownFileType = sourcecode.swift; path = TestPin.swift; sourceTree = "<group>"; };
		6B8644C6299EB40000E3E7FE /* dismissAction.swift */ = {isa = PBXFileReference; lastKnownFileType = sourcecode.swift; path = dismissAction.swift; sourceTree = "<group>"; };
		6B99B4452995D502001B9D70 /* Data.swift */ = {isa = PBXFileReference; lastKnownFileType = sourcecode.swift; path = Data.swift; sourceTree = "<group>"; };
		6B99B4472995EDFC001B9D70 /* ListView.swift */ = {isa = PBXFileReference; lastKnownFileType = sourcecode.swift; path = ListView.swift; sourceTree = "<group>"; };
		6B99B4492996D5F6001B9D70 /* AddView.swift */ = {isa = PBXFileReference; lastKnownFileType = sourcecode.swift; path = AddView.swift; sourceTree = "<group>"; };
		6B99B44B299817CA001B9D70 /* ButtonView.swift */ = {isa = PBXFileReference; lastKnownFileType = sourcecode.swift; path = ButtonView.swift; sourceTree = "<group>"; };
		6BA8AA2829A6C37C006B3523 /* MainView.swift */ = {isa = PBXFileReference; lastKnownFileType = sourcecode.swift; path = MainView.swift; sourceTree = "<group>"; };
		6BBF58E02992131800B4EB53 /* SearchView.swift */ = {isa = PBXFileReference; lastKnownFileType = sourcecode.swift; path = SearchView.swift; sourceTree = "<group>"; };
		6BD15F4F2990A53300ED1C8C /* Guest.swift */ = {isa = PBXFileReference; lastKnownFileType = sourcecode.swift; path = Guest.swift; sourceTree = "<group>"; };
		6BFDC333299C298A00152E25 /* SettingView.swift */ = {isa = PBXFileReference; lastKnownFileType = sourcecode.swift; path = SettingView.swift; sourceTree = "<group>"; };
		6BFDC337299C9C9200152E25 /* Info.plist */ = {isa = PBXFileReference; lastKnownFileType = text.plist; path = Info.plist; sourceTree = "<group>"; };
/* End PBXFileReference section */

/* Begin PBXFrameworksBuildPhase section */
		6B4D4B7D29909A1C00ADF9AB /* Frameworks */ = {
			isa = PBXFrameworksBuildPhase;
			buildActionMask = 2147483647;
			files = (
				6B8644BD299DB1F500E3E7FE /* PasscodeField in Frameworks */,
			);
			runOnlyForDeploymentPostprocessing = 0;
		};
		6B4D4B8D29909A2300ADF9AB /* Frameworks */ = {
			isa = PBXFrameworksBuildPhase;
			buildActionMask = 2147483647;
			files = (
			);
			runOnlyForDeploymentPostprocessing = 0;
		};
		6B4D4B9729909A2300ADF9AB /* Frameworks */ = {
			isa = PBXFrameworksBuildPhase;
			buildActionMask = 2147483647;
			files = (
			);
			runOnlyForDeploymentPostprocessing = 0;
		};
/* End PBXFrameworksBuildPhase section */

/* Begin PBXGroup section */
		6B4D4B7729909A1C00ADF9AB = {
			isa = PBXGroup;
			children = (
				6B4D4B8229909A1C00ADF9AB /* GuestList */,
				6B4D4B9329909A2300ADF9AB /* GuestListTests */,
				6B4D4B9D29909A2300ADF9AB /* GuestListUITests */,
				6B4D4B8129909A1C00ADF9AB /* Products */,
			);
			sourceTree = "<group>";
		};
		6B4D4B8129909A1C00ADF9AB /* Products */ = {
			isa = PBXGroup;
			children = (
				6B4D4B8029909A1C00ADF9AB /* GuestList.app */,
				6B4D4B9029909A2300ADF9AB /* GuestListTests.xctest */,
				6B4D4B9A29909A2300ADF9AB /* GuestListUITests.xctest */,
			);
			name = Products;
			sourceTree = "<group>";
		};
		6B4D4B8229909A1C00ADF9AB /* GuestList */ = {
			isa = PBXGroup;
			children = (
				6BFDC337299C9C9200152E25 /* Info.plist */,
				6B4D4BAE29909A4500ADF9AB /* Models */,
				6B4D4BAD29909A3500ADF9AB /* Views */,
				6B4D4BAF29909A5200ADF9AB /* ViewModels */,
				6B4D4B8329909A1C00ADF9AB /* GuestListApp.swift */,
				6B4D4B8729909A2300ADF9AB /* Assets.xcassets */,
				6B4D4B8929909A2300ADF9AB /* Preview Content */,
			);
			path = GuestList;
			sourceTree = "<group>";
		};
		6B4D4B8929909A2300ADF9AB /* Preview Content */ = {
			isa = PBXGroup;
			children = (
				6B4D4B8A29909A2300ADF9AB /* Preview Assets.xcassets */,
			);
			path = "Preview Content";
			sourceTree = "<group>";
		};
		6B4D4B9329909A2300ADF9AB /* GuestListTests */ = {
			isa = PBXGroup;
			children = (
				6B4D4B9429909A2300ADF9AB /* GuestListTests.swift */,
			);
			path = GuestListTests;
			sourceTree = "<group>";
		};
		6B4D4B9D29909A2300ADF9AB /* GuestListUITests */ = {
			isa = PBXGroup;
			children = (
				6B4D4B9E29909A2300ADF9AB /* GuestListUITests.swift */,
				6B4D4BA029909A2300ADF9AB /* GuestListUITestsLaunchTests.swift */,
			);
			path = GuestListUITests;
			sourceTree = "<group>";
		};
		6B4D4BAD29909A3500ADF9AB /* Views */ = {
			isa = PBXGroup;
			children = (
				6B99B44D29981999001B9D70 /* Helpers */,
				6B4D4B8529909A1C00ADF9AB /* ContentView.swift */,
				6BBF58E02992131800B4EB53 /* SearchView.swift */,
				6B99B4472995EDFC001B9D70 /* ListView.swift */,
				6B99B4492996D5F6001B9D70 /* AddView.swift */,
				6BFDC333299C298A00152E25 /* SettingView.swift */,
				6B80B67929A186F70093DF76 /* SettingsConfig.swift */,
			);
			path = Views;
			sourceTree = "<group>";
		};
		6B4D4BAE29909A4500ADF9AB /* Models */ = {
			isa = PBXGroup;
			children = (
				6BD15F4F2990A53300ED1C8C /* Guest.swift */,
			);
			path = Models;
			sourceTree = "<group>";
		};
		6B4D4BAF29909A5200ADF9AB /* ViewModels */ = {
			isa = PBXGroup;
			children = (
				6B99B4452995D502001B9D70 /* Data.swift */,
			);
			path = ViewModels;
			sourceTree = "<group>";
		};
		6B99B44D29981999001B9D70 /* Helpers */ = {
			isa = PBXGroup;
			children = (
				6B99B44B299817CA001B9D70 /* ButtonView.swift */,
				6B8644B5299D77C900E3E7FE /* PinCodeView.swift */,
				6B8644B9299DAD9000E3E7FE /* NewPass.swift */,
				6B8644C2299DEF4300E3E7FE /* PinDots.swift */,
				6B8644C4299EAA7A00E3E7FE /* TestPin.swift */,
				6B8644C6299EB40000E3E7FE /* dismissAction.swift */,
				6BA8AA2829A6C37C006B3523 /* MainView.swift */,
				6B85785329B01C28008B3A5F /* ShowGuest.swift */,
				6B85785529B15F0A008B3A5F /* PopView.swift */,
				6B277F6C29DD9769002FBF8F /* ShowList.swift */,
			);
			path = Helpers;
			sourceTree = "<group>";
		};
/* End PBXGroup section */

/* Begin PBXNativeTarget section */
		6B4D4B7F29909A1C00ADF9AB /* GuestList */ = {
			isa = PBXNativeTarget;
			buildConfigurationList = 6B4D4BA429909A2300ADF9AB /* Build configuration list for PBXNativeTarget "GuestList" */;
			buildPhases = (
				6B4D4B7C29909A1C00ADF9AB /* Sources */,
				6B4D4B7D29909A1C00ADF9AB /* Frameworks */,
				6B4D4B7E29909A1C00ADF9AB /* Resources */,
			);
			buildRules = (
			);
			dependencies = (
			);
			name = GuestList;
			packageProductDependencies = (
				6B8644BC299DB1F500E3E7FE /* PasscodeField */,
			);
			productName = GuestList;
			productReference = 6B4D4B8029909A1C00ADF9AB /* GuestList.app */;
			productType = "com.apple.product-type.application";
		};
		6B4D4B8F29909A2300ADF9AB /* GuestListTests */ = {
			isa = PBXNativeTarget;
			buildConfigurationList = 6B4D4BA729909A2300ADF9AB /* Build configuration list for PBXNativeTarget "GuestListTests" */;
			buildPhases = (
				6B4D4B8C29909A2300ADF9AB /* Sources */,
				6B4D4B8D29909A2300ADF9AB /* Frameworks */,
				6B4D4B8E29909A2300ADF9AB /* Resources */,
			);
			buildRules = (
			);
			dependencies = (
				6B4D4B9229909A2300ADF9AB /* PBXTargetDependency */,
			);
			name = GuestListTests;
			productName = GuestListTests;
			productReference = 6B4D4B9029909A2300ADF9AB /* GuestListTests.xctest */;
			productType = "com.apple.product-type.bundle.unit-test";
		};
		6B4D4B9929909A2300ADF9AB /* GuestListUITests */ = {
			isa = PBXNativeTarget;
			buildConfigurationList = 6B4D4BAA29909A2300ADF9AB /* Build configuration list for PBXNativeTarget "GuestListUITests" */;
			buildPhases = (
				6B4D4B9629909A2300ADF9AB /* Sources */,
				6B4D4B9729909A2300ADF9AB /* Frameworks */,
				6B4D4B9829909A2300ADF9AB /* Resources */,
			);
			buildRules = (
			);
			dependencies = (
				6B4D4B9C29909A2300ADF9AB /* PBXTargetDependency */,
			);
			name = GuestListUITests;
			productName = GuestListUITests;
			productReference = 6B4D4B9A29909A2300ADF9AB /* GuestListUITests.xctest */;
			productType = "com.apple.product-type.bundle.ui-testing";
		};
/* End PBXNativeTarget section */

/* Begin PBXProject section */
		6B4D4B7829909A1C00ADF9AB /* Project object */ = {
			isa = PBXProject;
			attributes = {
				BuildIndependentTargetsInParallel = 1;
				LastSwiftUpdateCheck = 1420;
				LastUpgradeCheck = 1420;
				TargetAttributes = {
					6B4D4B7F29909A1C00ADF9AB = {
						CreatedOnToolsVersion = 14.2;
					};
					6B4D4B8F29909A2300ADF9AB = {
						CreatedOnToolsVersion = 14.2;
						TestTargetID = 6B4D4B7F29909A1C00ADF9AB;
					};
					6B4D4B9929909A2300ADF9AB = {
						CreatedOnToolsVersion = 14.2;
						TestTargetID = 6B4D4B7F29909A1C00ADF9AB;
					};
				};
			};
			buildConfigurationList = 6B4D4B7B29909A1C00ADF9AB /* Build configuration list for PBXProject "GuestList" */;
			compatibilityVersion = "Xcode 14.0";
			developmentRegion = en;
			hasScannedForEncodings = 0;
			knownRegions = (
				en,
				Base,
			);
			mainGroup = 6B4D4B7729909A1C00ADF9AB;
			packageReferences = (
				6B8644BB299DB1F500E3E7FE /* XCRemoteSwiftPackageReference "PasscodeField" */,
			);
			productRefGroup = 6B4D4B8129909A1C00ADF9AB /* Products */;
			projectDirPath = "";
			projectRoot = "";
			targets = (
				6B4D4B7F29909A1C00ADF9AB /* GuestList */,
				6B4D4B8F29909A2300ADF9AB /* GuestListTests */,
				6B4D4B9929909A2300ADF9AB /* GuestListUITests */,
			);
		};
/* End PBXProject section */

/* Begin PBXResourcesBuildPhase section */
		6B4D4B7E29909A1C00ADF9AB /* Resources */ = {
			isa = PBXResourcesBuildPhase;
			buildActionMask = 2147483647;
			files = (
				6B4D4B8B29909A2300ADF9AB /* Preview Assets.xcassets in Resources */,
				6B4D4B8829909A2300ADF9AB /* Assets.xcassets in Resources */,
			);
			runOnlyForDeploymentPostprocessing = 0;
		};
		6B4D4B8E29909A2300ADF9AB /* Resources */ = {
			isa = PBXResourcesBuildPhase;
			buildActionMask = 2147483647;
			files = (
			);
			runOnlyForDeploymentPostprocessing = 0;
		};
		6B4D4B9829909A2300ADF9AB /* Resources */ = {
			isa = PBXResourcesBuildPhase;
			buildActionMask = 2147483647;
			files = (
			);
			runOnlyForDeploymentPostprocessing = 0;
		};
/* End PBXResourcesBuildPhase section */

/* Begin PBXSourcesBuildPhase section */
		6B4D4B7C29909A1C00ADF9AB /* Sources */ = {
			isa = PBXSourcesBuildPhase;
			buildActionMask = 2147483647;
			files = (
				6B99B44C299817CA001B9D70 /* ButtonView.swift in Sources */,
				6BFDC334299C298A00152E25 /* SettingView.swift in Sources */,
				6B8644B6299D77C900E3E7FE /* PinCodeView.swift in Sources */,
				6B99B44A2996D5F6001B9D70 /* AddView.swift in Sources */,
				6B4D4B8629909A1C00ADF9AB /* ContentView.swift in Sources */,
				6B85785429B01C28008B3A5F /* ShowGuest.swift in Sources */,
				6B8644BA299DAD9000E3E7FE /* NewPass.swift in Sources */,
				6B80B67A29A186F70093DF76 /* SettingsConfig.swift in Sources */,
				6B99B4462995D502001B9D70 /* Data.swift in Sources */,
				6B8644C7299EB40000E3E7FE /* dismissAction.swift in Sources */,
				6B99B4482995EDFC001B9D70 /* ListView.swift in Sources */,
				6B277F6D29DD9769002FBF8F /* ShowList.swift in Sources */,
				6B85785629B15F0A008B3A5F /* PopView.swift in Sources */,
				6B4D4B8429909A1C00ADF9AB /* GuestListApp.swift in Sources */,
				6BA8AA2929A6C37C006B3523 /* MainView.swift in Sources */,
				6BBF58E12992131800B4EB53 /* SearchView.swift in Sources */,
				6BD15F502990A53300ED1C8C /* Guest.swift in Sources */,
				6B8644C3299DEF4300E3E7FE /* PinDots.swift in Sources */,
				6B8644C5299EAA7A00E3E7FE /* TestPin.swift in Sources */,
			);
			runOnlyForDeploymentPostprocessing = 0;
		};
		6B4D4B8C29909A2300ADF9AB /* Sources */ = {
			isa = PBXSourcesBuildPhase;
			buildActionMask = 2147483647;
			files = (
				6B4D4B9529909A2300ADF9AB /* GuestListTests.swift in Sources */,
			);
			runOnlyForDeploymentPostprocessing = 0;
		};
		6B4D4B9629909A2300ADF9AB /* Sources */ = {
			isa = PBXSourcesBuildPhase;
			buildActionMask = 2147483647;
			files = (
				6B4D4B9F29909A2300ADF9AB /* GuestListUITests.swift in Sources */,
				6B4D4BA129909A2300ADF9AB /* GuestListUITestsLaunchTests.swift in Sources */,
			);
			runOnlyForDeploymentPostprocessing = 0;
		};
/* End PBXSourcesBuildPhase section */

/* Begin PBXTargetDependency section */
		6B4D4B9229909A2300ADF9AB /* PBXTargetDependency */ = {
			isa = PBXTargetDependency;
			target = 6B4D4B7F29909A1C00ADF9AB /* GuestList */;
			targetProxy = 6B4D4B9129909A2300ADF9AB /* PBXContainerItemProxy */;
		};
		6B4D4B9C29909A2300ADF9AB /* PBXTargetDependency */ = {
			isa = PBXTargetDependency;
			target = 6B4D4B7F29909A1C00ADF9AB /* GuestList */;
			targetProxy = 6B4D4B9B29909A2300ADF9AB /* PBXContainerItemProxy */;
		};
/* End PBXTargetDependency section */

/* Begin XCBuildConfiguration section */
		6B4D4BA229909A2300ADF9AB /* Debug */ = {
			isa = XCBuildConfiguration;
			buildSettings = {
				ALWAYS_SEARCH_USER_PATHS = NO;
				CLANG_ANALYZER_NONNULL = YES;
				CLANG_ANALYZER_NUMBER_OBJECT_CONVERSION = YES_AGGRESSIVE;
				CLANG_CXX_LANGUAGE_STANDARD = "gnu++20";
				CLANG_ENABLE_MODULES = YES;
				CLANG_ENABLE_OBJC_ARC = YES;
				CLANG_ENABLE_OBJC_WEAK = YES;
				CLANG_WARN_BLOCK_CAPTURE_AUTORELEASING = YES;
				CLANG_WARN_BOOL_CONVERSION = YES;
				CLANG_WARN_COMMA = YES;
				CLANG_WARN_CONSTANT_CONVERSION = YES;
				CLANG_WARN_DEPRECATED_OBJC_IMPLEMENTATIONS = YES;
				CLANG_WARN_DIRECT_OBJC_ISA_USAGE = YES_ERROR;
				CLANG_WARN_DOCUMENTATION_COMMENTS = YES;
				CLANG_WARN_EMPTY_BODY = YES;
				CLANG_WARN_ENUM_CONVERSION = YES;
				CLANG_WARN_INFINITE_RECURSION = YES;
				CLANG_WARN_INT_CONVERSION = YES;
				CLANG_WARN_NON_LITERAL_NULL_CONVERSION = YES;
				CLANG_WARN_OBJC_IMPLICIT_RETAIN_SELF = YES;
				CLANG_WARN_OBJC_LITERAL_CONVERSION = YES;
				CLANG_WARN_OBJC_ROOT_CLASS = YES_ERROR;
				CLANG_WARN_QUOTED_INCLUDE_IN_FRAMEWORK_HEADER = YES;
				CLANG_WARN_RANGE_LOOP_ANALYSIS = YES;
				CLANG_WARN_STRICT_PROTOTYPES = YES;
				CLANG_WARN_SUSPICIOUS_MOVE = YES;
				CLANG_WARN_UNGUARDED_AVAILABILITY = YES_AGGRESSIVE;
				CLANG_WARN_UNREACHABLE_CODE = YES;
				CLANG_WARN__DUPLICATE_METHOD_MATCH = YES;
				COPY_PHASE_STRIP = NO;
				DEBUG_INFORMATION_FORMAT = dwarf;
				ENABLE_STRICT_OBJC_MSGSEND = YES;
				ENABLE_TESTABILITY = YES;
				GCC_C_LANGUAGE_STANDARD = gnu11;
				GCC_DYNAMIC_NO_PIC = NO;
				GCC_NO_COMMON_BLOCKS = YES;
				GCC_OPTIMIZATION_LEVEL = 0;
				GCC_PREPROCESSOR_DEFINITIONS = (
					"DEBUG=1",
					"$(inherited)",
				);
				GCC_WARN_64_TO_32_BIT_CONVERSION = YES;
				GCC_WARN_ABOUT_RETURN_TYPE = YES_ERROR;
				GCC_WARN_UNDECLARED_SELECTOR = YES;
				GCC_WARN_UNINITIALIZED_AUTOS = YES_AGGRESSIVE;
				GCC_WARN_UNUSED_FUNCTION = YES;
				GCC_WARN_UNUSED_VARIABLE = YES;
				IPHONEOS_DEPLOYMENT_TARGET = 16.2;
				MTL_ENABLE_DEBUG_INFO = INCLUDE_SOURCE;
				MTL_FAST_MATH = YES;
				ONLY_ACTIVE_ARCH = YES;
				SDKROOT = iphoneos;
				SWIFT_ACTIVE_COMPILATION_CONDITIONS = DEBUG;
				SWIFT_OPTIMIZATION_LEVEL = "-Onone";
			};
			name = Debug;
		};
		6B4D4BA329909A2300ADF9AB /* Release */ = {
			isa = XCBuildConfiguration;
			buildSettings = {
				ALWAYS_SEARCH_USER_PATHS = NO;
				CLANG_ANALYZER_NONNULL = YES;
				CLANG_ANALYZER_NUMBER_OBJECT_CONVERSION = YES_AGGRESSIVE;
				CLANG_CXX_LANGUAGE_STANDARD = "gnu++20";
				CLANG_ENABLE_MODULES = YES;
				CLANG_ENABLE_OBJC_ARC = YES;
				CLANG_ENABLE_OBJC_WEAK = YES;
				CLANG_WARN_BLOCK_CAPTURE_AUTORELEASING = YES;
				CLANG_WARN_BOOL_CONVERSION = YES;
				CLANG_WARN_COMMA = YES;
				CLANG_WARN_CONSTANT_CONVERSION = YES;
				CLANG_WARN_DEPRECATED_OBJC_IMPLEMENTATIONS = YES;
				CLANG_WARN_DIRECT_OBJC_ISA_USAGE = YES_ERROR;
				CLANG_WARN_DOCUMENTATION_COMMENTS = YES;
				CLANG_WARN_EMPTY_BODY = YES;
				CLANG_WARN_ENUM_CONVERSION = YES;
				CLANG_WARN_INFINITE_RECURSION = YES;
				CLANG_WARN_INT_CONVERSION = YES;
				CLANG_WARN_NON_LITERAL_NULL_CONVERSION = YES;
				CLANG_WARN_OBJC_IMPLICIT_RETAIN_SELF = YES;
				CLANG_WARN_OBJC_LITERAL_CONVERSION = YES;
				CLANG_WARN_OBJC_ROOT_CLASS = YES_ERROR;
				CLANG_WARN_QUOTED_INCLUDE_IN_FRAMEWORK_HEADER = YES;
				CLANG_WARN_RANGE_LOOP_ANALYSIS = YES;
				CLANG_WARN_STRICT_PROTOTYPES = YES;
				CLANG_WARN_SUSPICIOUS_MOVE = YES;
				CLANG_WARN_UNGUARDED_AVAILABILITY = YES_AGGRESSIVE;
				CLANG_WARN_UNREACHABLE_CODE = YES;
				CLANG_WARN__DUPLICATE_METHOD_MATCH = YES;
				COPY_PHASE_STRIP = NO;
				DEBUG_INFORMATION_FORMAT = "dwarf-with-dsym";
				ENABLE_NS_ASSERTIONS = NO;
				ENABLE_STRICT_OBJC_MSGSEND = YES;
				GCC_C_LANGUAGE_STANDARD = gnu11;
				GCC_NO_COMMON_BLOCKS = YES;
				GCC_WARN_64_TO_32_BIT_CONVERSION = YES;
				GCC_WARN_ABOUT_RETURN_TYPE = YES_ERROR;
				GCC_WARN_UNDECLARED_SELECTOR = YES;
				GCC_WARN_UNINITIALIZED_AUTOS = YES_AGGRESSIVE;
				GCC_WARN_UNUSED_FUNCTION = YES;
				GCC_WARN_UNUSED_VARIABLE = YES;
				IPHONEOS_DEPLOYMENT_TARGET = 16.2;
				MTL_ENABLE_DEBUG_INFO = NO;
				MTL_FAST_MATH = YES;
				SDKROOT = iphoneos;
				SWIFT_COMPILATION_MODE = wholemodule;
				SWIFT_OPTIMIZATION_LEVEL = "-O";
				VALIDATE_PRODUCT = YES;
			};
			name = Release;
		};
		6B4D4BA529909A2300ADF9AB /* Debug */ = {
			isa = XCBuildConfiguration;
			buildSettings = {
				ASSETCATALOG_COMPILER_APPICON_NAME = AppIcon;
				ASSETCATALOG_COMPILER_GLOBAL_ACCENT_COLOR_NAME = AccentColor;
				CODE_SIGN_STYLE = Automatic;
				CURRENT_PROJECT_VERSION = 1;
				DEVELOPMENT_ASSET_PATHS = "\"GuestList/Preview Content\"";
				DEVELOPMENT_TEAM = R93X959D52;
				ENABLE_PREVIEWS = YES;
				GENERATE_INFOPLIST_FILE = YES;
				INFOPLIST_FILE = GuestList/Info.plist;
				INFOPLIST_KEY_UIApplicationSceneManifest_Generation = YES;
				INFOPLIST_KEY_UIApplicationSupportsIndirectInputEvents = YES;
				INFOPLIST_KEY_UILaunchScreen_Generation = YES;
				INFOPLIST_KEY_UISupportedInterfaceOrientations_iPad = "UIInterfaceOrientationPortrait UIInterfaceOrientationPortraitUpsideDown UIInterfaceOrientationLandscapeLeft UIInterfaceOrientationLandscapeRight";
				INFOPLIST_KEY_UISupportedInterfaceOrientations_iPhone = "UIInterfaceOrientationPortrait UIInterfaceOrientationLandscapeLeft UIInterfaceOrientationLandscapeRight";
				LD_RUNPATH_SEARCH_PATHS = (
					"$(inherited)",
					"@executable_path/Frameworks",
				);
				MARKETING_VERSION = 1.0;
				PRODUCT_BUNDLE_IDENTIFIER = TitoCoding.GuestList;
				PRODUCT_NAME = "$(TARGET_NAME)";
				SWIFT_EMIT_LOC_STRINGS = YES;
				SWIFT_VERSION = 5.0;
				TARGETED_DEVICE_FAMILY = "1,2";
			};
			name = Debug;
		};
		6B4D4BA629909A2300ADF9AB /* Release */ = {
			isa = XCBuildConfiguration;
			buildSettings = {
				ASSETCATALOG_COMPILER_APPICON_NAME = AppIcon;
				ASSETCATALOG_COMPILER_GLOBAL_ACCENT_COLOR_NAME = AccentColor;
				CODE_SIGN_STYLE = Automatic;
				CURRENT_PROJECT_VERSION = 1;
				DEVELOPMENT_ASSET_PATHS = "\"GuestList/Preview Content\"";
				DEVELOPMENT_TEAM = R93X959D52;
				ENABLE_PREVIEWS = YES;
				GENERATE_INFOPLIST_FILE = YES;
				INFOPLIST_FILE = GuestList/Info.plist;
				INFOPLIST_KEY_UIApplicationSceneManifest_Generation = YES;
				INFOPLIST_KEY_UIApplicationSupportsIndirectInputEvents = YES;
				INFOPLIST_KEY_UILaunchScreen_Generation = YES;
				INFOPLIST_KEY_UISupportedInterfaceOrientations_iPad = "UIInterfaceOrientationPortrait UIInterfaceOrientationPortraitUpsideDown UIInterfaceOrientationLandscapeLeft UIInterfaceOrientationLandscapeRight";
				INFOPLIST_KEY_UISupportedInterfaceOrientations_iPhone = "UIInterfaceOrientationPortrait UIInterfaceOrientationLandscapeLeft UIInterfaceOrientationLandscapeRight";
				LD_RUNPATH_SEARCH_PATHS = (
					"$(inherited)",
					"@executable_path/Frameworks",
				);
				MARKETING_VERSION = 1.0;
				PRODUCT_BUNDLE_IDENTIFIER = TitoCoding.GuestList;
				PRODUCT_NAME = "$(TARGET_NAME)";
				SWIFT_EMIT_LOC_STRINGS = YES;
				SWIFT_VERSION = 5.0;
				TARGETED_DEVICE_FAMILY = "1,2";
			};
			name = Release;
		};
		6B4D4BA829909A2300ADF9AB /* Debug */ = {
			isa = XCBuildConfiguration;
			buildSettings = {
				ALWAYS_EMBED_SWIFT_STANDARD_LIBRARIES = YES;
				BUNDLE_LOADER = "$(TEST_HOST)";
				CODE_SIGN_STYLE = Automatic;
				CURRENT_PROJECT_VERSION = 1;
				DEVELOPMENT_TEAM = R93X959D52;
				GENERATE_INFOPLIST_FILE = YES;
				IPHONEOS_DEPLOYMENT_TARGET = 16.2;
				MARKETING_VERSION = 1.0;
				PRODUCT_BUNDLE_IDENTIFIER = TitoCoding.GuestListTests;
				PRODUCT_NAME = "$(TARGET_NAME)";
				SWIFT_EMIT_LOC_STRINGS = NO;
				SWIFT_VERSION = 5.0;
				TARGETED_DEVICE_FAMILY = "1,2";
				TEST_HOST = "$(BUILT_PRODUCTS_DIR)/GuestList.app/$(BUNDLE_EXECUTABLE_FOLDER_PATH)/GuestList";
			};
			name = Debug;
		};
		6B4D4BA929909A2300ADF9AB /* Release */ = {
			isa = XCBuildConfiguration;
			buildSettings = {
				ALWAYS_EMBED_SWIFT_STANDARD_LIBRARIES = YES;
				BUNDLE_LOADER = "$(TEST_HOST)";
				CODE_SIGN_STYLE = Automatic;
				CURRENT_PROJECT_VERSION = 1;
				DEVELOPMENT_TEAM = R93X959D52;
				GENERATE_INFOPLIST_FILE = YES;
				IPHONEOS_DEPLOYMENT_TARGET = 16.2;
				MARKETING_VERSION = 1.0;
				PRODUCT_BUNDLE_IDENTIFIER = TitoCoding.GuestListTests;
				PRODUCT_NAME = "$(TARGET_NAME)";
				SWIFT_EMIT_LOC_STRINGS = NO;
				SWIFT_VERSION = 5.0;
				TARGETED_DEVICE_FAMILY = "1,2";
				TEST_HOST = "$(BUILT_PRODUCTS_DIR)/GuestList.app/$(BUNDLE_EXECUTABLE_FOLDER_PATH)/GuestList";
			};
			name = Release;
		};
		6B4D4BAB29909A2300ADF9AB /* Debug */ = {
			isa = XCBuildConfiguration;
			buildSettings = {
				ALWAYS_EMBED_SWIFT_STANDARD_LIBRARIES = YES;
				CODE_SIGN_STYLE = Automatic;
				CURRENT_PROJECT_VERSION = 1;
				DEVELOPMENT_TEAM = R93X959D52;
				GENERATE_INFOPLIST_FILE = YES;
				MARKETING_VERSION = 1.0;
				PRODUCT_BUNDLE_IDENTIFIER = TitoCoding.GuestListUITests;
				PRODUCT_NAME = "$(TARGET_NAME)";
				SWIFT_EMIT_LOC_STRINGS = NO;
				SWIFT_VERSION = 5.0;
				TARGETED_DEVICE_FAMILY = "1,2";
				TEST_TARGET_NAME = GuestList;
			};
			name = Debug;
		};
		6B4D4BAC29909A2300ADF9AB /* Release */ = {
			isa = XCBuildConfiguration;
			buildSettings = {
				ALWAYS_EMBED_SWIFT_STANDARD_LIBRARIES = YES;
				CODE_SIGN_STYLE = Automatic;
				CURRENT_PROJECT_VERSION = 1;
				DEVELOPMENT_TEAM = R93X959D52;
				GENERATE_INFOPLIST_FILE = YES;
				MARKETING_VERSION = 1.0;
				PRODUCT_BUNDLE_IDENTIFIER = TitoCoding.GuestListUITests;
				PRODUCT_NAME = "$(TARGET_NAME)";
				SWIFT_EMIT_LOC_STRINGS = NO;
				SWIFT_VERSION = 5.0;
				TARGETED_DEVICE_FAMILY = "1,2";
				TEST_TARGET_NAME = GuestList;
			};
			name = Release;
		};
/* End XCBuildConfiguration section */

/* Begin XCConfigurationList section */
		6B4D4B7B29909A1C00ADF9AB /* Build configuration list for PBXProject "GuestList" */ = {
			isa = XCConfigurationList;
			buildConfigurations = (
				6B4D4BA229909A2300ADF9AB /* Debug */,
				6B4D4BA329909A2300ADF9AB /* Release */,
			);
			defaultConfigurationIsVisible = 0;
			defaultConfigurationName = Release;
		};
		6B4D4BA429909A2300ADF9AB /* Build configuration list for PBXNativeTarget "GuestList" */ = {
			isa = XCConfigurationList;
			buildConfigurations = (
				6B4D4BA529909A2300ADF9AB /* Debug */,
				6B4D4BA629909A2300ADF9AB /* Release */,
			);
			defaultConfigurationIsVisible = 0;
			defaultConfigurationName = Release;
		};
		6B4D4BA729909A2300ADF9AB /* Build configuration list for PBXNativeTarget "GuestListTests" */ = {
			isa = XCConfigurationList;
			buildConfigurations = (
				6B4D4BA829909A2300ADF9AB /* Debug */,
				6B4D4BA929909A2300ADF9AB /* Release */,
			);
			defaultConfigurationIsVisible = 0;
			defaultConfigurationName = Release;
		};
		6B4D4BAA29909A2300ADF9AB /* Build configuration list for PBXNativeTarget "GuestListUITests" */ = {
			isa = XCConfigurationList;
			buildConfigurations = (
				6B4D4BAB29909A2300ADF9AB /* Debug */,
				6B4D4BAC29909A2300ADF9AB /* Release */,
			);
			defaultConfigurationIsVisible = 0;
			defaultConfigurationName = Release;
		};
/* End XCConfigurationList section */

/* Begin XCRemoteSwiftPackageReference section */
		6B8644BB299DB1F500E3E7FE /* XCRemoteSwiftPackageReference "PasscodeField" */ = {
			isa = XCRemoteSwiftPackageReference;
			repositoryURL = "https://github.com/hengyu/PasscodeField.git";
			requirement = {
				kind = upToNextMajorVersion;
				minimumVersion = 1.0.0;
			};
		};
/* End XCRemoteSwiftPackageReference section */

/* Begin XCSwiftPackageProductDependency section */
		6B8644BC299DB1F500E3E7FE /* PasscodeField */ = {
			isa = XCSwiftPackageProductDependency;
			package = 6B8644BB299DB1F500E3E7FE /* XCRemoteSwiftPackageReference "PasscodeField" */;
			productName = PasscodeField;
		};
/* End XCSwiftPackageProductDependency section */
	};
	rootObject = 6B4D4B7829909A1C00ADF9AB /* Project object */;
}
